
Microsoft Visual Studio Solution File, Format Version 12.00
# Visual Studio 15
VisualStudioVersion = 15.0.27703.2000
MinimumVisualStudioVersion = 10.0.40219.1
Project("{FAE04EC0-301F-11D3-BF4B-00C04F79EFBC}") = "CampingApp", "CampingApp\CampingApp.csproj", "{E1606382-47D2-4320-A5F1-23C04D15B659}"
EndProject
Project("{FAE04EC0-301F-11D3-BF4B-00C04F79EFBC}") = "CampingAppTests", "CampingAppTests\CampingAppTests.csproj", "{7631E88C-6A08-4C44-B721-EE8267A1A32D}"
EndProject
Global
	GlobalSection(SolutionConfigurationPlatforms) = preSolution
		Debug|Any CPU = Debug|Any CPU
		Release|Any CPU = Release|Any CPU
	EndGlobalSection
	GlobalSection(ProjectConfigurationPlatforms) = postSolution
		{E1606382-47D2-4320-A5F1-23C04D15B659}.Debug|Any CPU.ActiveCfg = Debug|Any CPU
		{E1606382-47D2-4320-A5F1-23C04D15B659}.Debug|Any CPU.Build.0 = Debug|Any CPU
		{E1606382-47D2-4320-A5F1-23C04D15B659}.Release|Any CPU.ActiveCfg = Release|Any CPU
		{E1606382-47D2-4320-A5F1-23C04D15B659}.Release|Any CPU.Build.0 = Release|Any CPU
		{7631E88C-6A08-4C44-B721-EE8267A1A32D}.Debug|Any CPU.ActiveCfg = Debug|Any CPU
		{7631E88C-6A08-4C44-B721-EE8267A1A32D}.Debug|Any CPU.Build.0 = Debug|Any CPU
		{7631E88C-6A08-4C44-B721-EE8267A1A32D}.Release|Any CPU.ActiveCfg = Release|Any CPU
		{7631E88C-6A08-4C44-B721-EE8267A1A32D}.Release|Any CPU.Build.0 = Release|Any CPU
	EndGlobalSection
	GlobalSection(SolutionProperties) = preSolution
		HideSolutionNode = FALSE
	EndGlobalSection
	GlobalSection(ExtensibilityGlobals) = postSolution
		SolutionGuid = {308E4C0B-0E7C-4670-A208-4DE7E84C8BEB}
	EndGlobalSection
EndGlobal
